
Microsoft Visual Studio Solution File, Format Version 12.00
# Visual Studio 14
VisualStudioVersion = 14.0.25123.0
MinimumVisualStudioVersion = 10.0.40219.1
Project("{09E42298-AE4C-4B59-9698-68BA3DE1AE66}") = "Sitecore.Support.99193", "Sitecore.Support.99193\Sitecore.Support.99193.csproj", "{745085C2-38BB-4AD6-B232-C9B3A429DBA2}"
EndProject
Global
	GlobalSection(SolutionConfigurationPlatforms) = preSolution
		Debug|Any CPU = Debug|Any CPU
		Release|Any CPU = Release|Any CPU
	EndGlobalSection
	GlobalSection(ProjectConfigurationPlatforms) = postSolution
		{745085C2-38BB-4AD6-B232-C9B3A429DBA2}.Debug|Any CPU.ActiveCfg = Debug|Any CPU
		{745085C2-38BB-4AD6-B232-C9B3A429DBA2}.Debug|Any CPU.Build.0 = Debug|Any CPU
		{745085C2-38BB-4AD6-B232-C9B3A429DBA2}.Release|Any CPU.ActiveCfg = Release|Any CPU
		{745085C2-38BB-4AD6-B232-C9B3A429DBA2}.Release|Any CPU.Build.0 = Release|Any CPU
	EndGlobalSection
	GlobalSection(SolutionProperties) = preSolution
		HideSolutionNode = FALSE
	EndGlobalSection
EndGlobal
